
Microsoft Visual Studio Solution File, Format Version 12.00
# Visual Studio Version 17
VisualStudioVersion = 17.5.002.0
MinimumVisualStudioVersion = 10.0.40219.1
Project("{2150E333-8FDC-42A3-9474-1A3956D46DE8}") = "src", "src", "{63E212BD-F96B-4FED-96B2-F993600533E2}"
EndProject
Project("{9A19103F-16F7-4668-BE54-9A1E7A4F7556}") = "Play.Catalog.Service", "src\Play.Catalog.Service\Play.Catalog.Service.csproj", "{EA4A4B0F-8EDA-402C-B707-CFB0A058C0B8}"
EndProject
Global
	GlobalSection(SolutionConfigurationPlatforms) = preSolution
		Debug|Any CPU = Debug|Any CPU
		Release|Any CPU = Release|Any CPU
	EndGlobalSection
	GlobalSection(ProjectConfigurationPlatforms) = postSolution
		{EA4A4B0F-8EDA-402C-B707-CFB0A058C0B8}.Debug|Any CPU.ActiveCfg = Debug|Any CPU
		{EA4A4B0F-8EDA-402C-B707-CFB0A058C0B8}.Debug|Any CPU.Build.0 = Debug|Any CPU
		{EA4A4B0F-8EDA-402C-B707-CFB0A058C0B8}.Release|Any CPU.ActiveCfg = Release|Any CPU
		{EA4A4B0F-8EDA-402C-B707-CFB0A058C0B8}.Release|Any CPU.Build.0 = Release|Any CPU
	EndGlobalSection
	GlobalSection(SolutionProperties) = preSolution
		HideSolutionNode = FALSE
	EndGlobalSection
	GlobalSection(NestedProjects) = preSolution
		{EA4A4B0F-8EDA-402C-B707-CFB0A058C0B8} = {63E212BD-F96B-4FED-96B2-F993600533E2}
	EndGlobalSection
	GlobalSection(ExtensibilityGlobals) = postSolution
		SolutionGuid = {CAF89192-F589-4946-A6CE-D2D165707DA0}
	EndGlobalSection
EndGlobal
